
Microsoft Visual Studio Solution File, Format Version 12.00
# Visual Studio Version 17
VisualStudioVersion = 17.6.33513.286
MinimumVisualStudioVersion = 10.0.40219.1
Project("{9A19103F-16F7-4668-BE54-9A1E7A4F7556}") = "libFootballData", "libFootballData\libFootballData.csproj", "{F382A18C-06EC-4361-A13B-BD6C9E0C13D2}"
EndProject
Project("{9A19103F-16F7-4668-BE54-9A1E7A4F7556}") = "ConsoleTestApp", "ConsoleTestApp\ConsoleTestApp.csproj", "{E5309DD9-F643-4ECE-8EF8-589974AF82D5}"
EndProject
Project("{FAE04EC0-301F-11D3-BF4B-00C04F79EFBC}") = "FootballDataApp", "FootballDataApp\FootballDataApp.csproj", "{199BA7E3-10CE-44F2-B041-6C7AEA66BB4C}"
EndProject
Global
	GlobalSection(SolutionConfigurationPlatforms) = preSolution
		Debug|Any CPU = Debug|Any CPU
		Release|Any CPU = Release|Any CPU
	EndGlobalSection
	GlobalSection(ProjectConfigurationPlatforms) = postSolution
		{F382A18C-06EC-4361-A13B-BD6C9E0C13D2}.Debug|Any CPU.ActiveCfg = Debug|Any CPU
		{F382A18C-06EC-4361-A13B-BD6C9E0C13D2}.Debug|Any CPU.Build.0 = Debug|Any CPU
		{F382A18C-06EC-4361-A13B-BD6C9E0C13D2}.Release|Any CPU.ActiveCfg = Release|Any CPU
		{F382A18C-06EC-4361-A13B-BD6C9E0C13D2}.Release|Any CPU.Build.0 = Release|Any CPU
		{E5309DD9-F643-4ECE-8EF8-589974AF82D5}.Debug|Any CPU.ActiveCfg = Debug|Any CPU
		{E5309DD9-F643-4ECE-8EF8-589974AF82D5}.Debug|Any CPU.Build.0 = Debug|Any CPU
		{E5309DD9-F643-4ECE-8EF8-589974AF82D5}.Release|Any CPU.ActiveCfg = Release|Any CPU
		{E5309DD9-F643-4ECE-8EF8-589974AF82D5}.Release|Any CPU.Build.0 = Release|Any CPU
		{199BA7E3-10CE-44F2-B041-6C7AEA66BB4C}.Debug|Any CPU.ActiveCfg = Debug|Any CPU
		{199BA7E3-10CE-44F2-B041-6C7AEA66BB4C}.Debug|Any CPU.Build.0 = Debug|Any CPU
		{199BA7E3-10CE-44F2-B041-6C7AEA66BB4C}.Release|Any CPU.ActiveCfg = Release|Any CPU
		{199BA7E3-10CE-44F2-B041-6C7AEA66BB4C}.Release|Any CPU.Build.0 = Release|Any CPU
	EndGlobalSection
	GlobalSection(SolutionProperties) = preSolution
		HideSolutionNode = FALSE
	EndGlobalSection
	GlobalSection(ExtensibilityGlobals) = postSolution
		SolutionGuid = {003A5567-D068-4945-A4C4-5176E8941042}
	EndGlobalSection
EndGlobal
